{
  "name": "edcivica-2021",
  "lockfileVersion": 2,
  "requires": true,
  "packages": {
    "": {
      "dependencies": {
        "vue-text-glitch": "^1.0.1"
      }
    },
    "node_modules/vue": {
      "version": "2.6.12",
      "resolved": "https://registry.npmjs.org/vue/-/vue-2.6.12.tgz",
      "integrity": "sha512-uhmLFETqPPNyuLLbsKz6ioJ4q7AZHzD8ZVFNATNyICSZouqP2Sz0rotWQC8UNBF6VGSCs5abnKJoStA6JbCbfg=="
    },
    "node_modules/vue-text-glitch": {
      "version": "1.0.1",
      "resolved": "https://registry.npmjs.org/vue-text-glitch/-/vue-text-glitch-1.0.1.tgz",
      "integrity": "sha1-vC17/WQTvtdZdxjVtu064aU3T38=",
      "dependencies": {
        "vue": "^2.4.2"
      },
      "engines": {
        "node": ">= 4.0.0",
        "npm": ">= 3.0.0"
      }
    }
  },
  "dependencies": {
    "vue": {
      "version": "2.6.12",
      "resolved": "https://registry.npmjs.org/vue/-/vue-2.6.12.tgz",
      "integrity": "sha512-uhmLFETqPPNyuLLbsKz6ioJ4q7AZHzD8ZVFNATNyICSZouqP2Sz0rotWQC8UNBF6VGSCs5abnKJoStA6JbCbfg=="
    },
    "vue-text-glitch": {
      "version": "1.0.1",
      "resolved": "https://registry.npmjs.org/vue-text-glitch/-/vue-text-glitch-1.0.1.tgz",
      "integrity": "sha1-vC17/WQTvtdZdxjVtu064aU3T38=",
      "requires": {
        "vue": "^2.4.2"
      }
    }
  }
}
